schema: '2.0'
stages:
  prepare_data:
    cmd: python src/stage_01_prepare.py --config=configs/config.yaml --params=params.yaml
    deps:
    - path: configs/config.yaml
      md5: b1be8298e46c55ee28fa2cde7d38c10f
      size: 456
    - path: data/data.xml
      md5: a304afb96060aad90176268345e10355
      size: 37891850
    - path: src/stage_01_prepare.py
      md5: 23392884385783c7702d98c605b96533
      size: 2066
    - path: src/utils/common.py
      md5: a9bd2172b6d5d14931e59c0fad897a58
      size: 979
    - path: src/utils/data_mgmt.py
      md5: a1379a9087b295a33530b5338ca1d221
      size: 886
    params:
      params.yaml:
        prepare.seed: 2021
        prepare.split: 0.2
    outs:
    - path: artifacts/prepared/test.tsv
      md5: 60c757f3b30604473de7fa775dfc00d9
      size: 4899778
    - path: artifacts/prepared/train.tsv
      md5: 553034c4cf40efc63c99c19fe98610d0
      size: 18986541
  featurize:
    cmd: python src/stage_02_featurization.py --config=configs/config.yaml --params=params.yaml
    deps:
    - path: artifacts/prepared/test.tsv
      md5: 60c757f3b30604473de7fa775dfc00d9
      size: 4899778
    - path: artifacts/prepared/train.tsv
      md5: 553034c4cf40efc63c99c19fe98610d0
      size: 18986541
    - path: configs/config.yaml
      md5: b1be8298e46c55ee28fa2cde7d38c10f
      size: 456
    - path: src/stage_02_featurization.py
      md5: 3ae191911a883190cd12d1e6ecd6a36e
      size: 2924
    - path: src/utils/common.py
      md5: a9bd2172b6d5d14931e59c0fad897a58
      size: 979
    - path: src/utils/featurize.py
      md5: 91d515f8a5c06f0d0c055c0f3b6b3125
      size: 516
    params:
      params.yaml:
        featurize.max_features: 2000
        featurize.ngrams: 3
    outs:
    - path: artifacts/features/test.pkl
      md5: 1e8032db1436184d5d93a0bf85fb419c
      size: 2492225
    - path: artifacts/features/train.pkl
      md5: 3b2b114f60736f0c05a0989c6c61bef2
      size: 9712665
  train:
    cmd: python src/stage_03_train.py --config=configs/config.yaml --params=params.yaml
    deps:
    - path: artifacts/features/train.pkl
      md5: 3b2b114f60736f0c05a0989c6c61bef2
      size: 9712665
    - path: configs/config.yaml
      md5: b1be8298e46c55ee28fa2cde7d38c10f
      size: 456
    - path: src/stage_03_train.py
      md5: 4e35d0b8fde7d13cff2de9eab8bff1b7
      size: 2215
    - path: src/utils/common.py
      md5: a9bd2172b6d5d14931e59c0fad897a58
      size: 979
    params:
      params.yaml:
        train.min_split: 8
        train.n_est: 70
        train.seed: 2021
    outs:
    - path: artifacts/model/model.pkl
      md5: 95e4d3396776b56cf4b2d1fb47ed937c
      size: 2934503
  evaluate:
    cmd: python src/stage_04_evaluate.py --config=configs/config.yaml
    deps:
    - path: artifacts/features/test.pkl
      md5: 1e8032db1436184d5d93a0bf85fb419c
      size: 2492225
    - path: artifacts/model/model.pkl
      md5: 95e4d3396776b56cf4b2d1fb47ed937c
      size: 2934503
    - path: configs/config.yaml
      md5: b1be8298e46c55ee28fa2cde7d38c10f
      size: 456
    - path: src/stage_04_evaluate.py
      md5: 2b56830602856adb1ba02d0bab062680
      size: 2837
    - path: src/utils/common.py
      md5: a9bd2172b6d5d14931e59c0fad897a58
      size: 979
    outs:
    - path: prc.json
      md5: 34e077fb52d7db262a6c2175b73804f0
      size: 91744
    - path: roc.json
      md5: 148fdac5701a7addf94d75fb7d625321
      size: 67903
    - path: scores.json
      md5: 263efecb2a742eb7f0f2ca34bdbe4c6e
      size: 76
  run_plots_command:
    cmd: dvc plots diff
